
Microsoft Visual Studio Solution File, Format Version 12.00
# Visual Studio 15
VisualStudioVersion = 15.0.27703.2042
MinimumVisualStudioVersion = 10.0.40219.1
Project("{FAE04EC0-301F-11D3-BF4B-00C04F79EFBC}") = "downr", "src\downr.csproj", "{9025C423-8FD5-4B5F-8857-19F99DB6C66A}"
EndProject
Project("{E53339B2-1760-4266-BCC7-CA923CBCF16C}") = "docker-compose", "docker-compose.dcproj", "{620C2992-B5BC-45EC-A97C-581D966C75D2}"
EndProject
Global
	GlobalSection(SolutionConfigurationPlatforms) = preSolution
		Debug|Any CPU = Debug|Any CPU
		Release|Any CPU = Release|Any CPU
	EndGlobalSection
	GlobalSection(ProjectConfigurationPlatforms) = postSolution
		{9025C423-8FD5-4B5F-8857-19F99DB6C66A}.Debug|Any CPU.ActiveCfg = Debug|Any CPU
		{9025C423-8FD5-4B5F-8857-19F99DB6C66A}.Debug|Any CPU.Build.0 = Debug|Any CPU
		{9025C423-8FD5-4B5F-8857-19F99DB6C66A}.Release|Any CPU.ActiveCfg = Release|Any CPU
		{9025C423-8FD5-4B5F-8857-19F99DB6C66A}.Release|Any CPU.Build.0 = Release|Any CPU
		{620C2992-B5BC-45EC-A97C-581D966C75D2}.Debug|Any CPU.ActiveCfg = Debug|Any CPU
		{620C2992-B5BC-45EC-A97C-581D966C75D2}.Debug|Any CPU.Build.0 = Debug|Any CPU
		{620C2992-B5BC-45EC-A97C-581D966C75D2}.Release|Any CPU.ActiveCfg = Release|Any CPU
		{620C2992-B5BC-45EC-A97C-581D966C75D2}.Release|Any CPU.Build.0 = Release|Any CPU
	EndGlobalSection
	GlobalSection(SolutionProperties) = preSolution
		HideSolutionNode = FALSE
	EndGlobalSection
	GlobalSection(ExtensibilityGlobals) = postSolution
		SolutionGuid = {8E097393-996E-444D-B13A-595B9D78FEFD}
	EndGlobalSection
EndGlobal
